
Microsoft Visual Studio Solution File, Format Version 12.00
# Visual Studio Version 17
VisualStudioVersion = 17.10.34916.146
MinimumVisualStudioVersion = 10.0.40219.1
Project("{FAE04EC0-301F-11D3-BF4B-00C04F79EFBC}") = "BankingMs", "BankingMs.csproj", "{57A1D255-2972-4924-AFD4-8350B009D243}"
EndProject
Global
	GlobalSection(SolutionConfigurationPlatforms) = preSolution
		Debug|Any CPU = Debug|Any CPU
		Release|Any CPU = Release|Any CPU
	EndGlobalSection
	GlobalSection(ProjectConfigurationPlatforms) = postSolution
		{57A1D255-2972-4924-AFD4-8350B009D243}.Debug|Any CPU.ActiveCfg = Debug|Any CPU
		{57A1D255-2972-4924-AFD4-8350B009D243}.Debug|Any CPU.Build.0 = Debug|Any CPU
		{57A1D255-2972-4924-AFD4-8350B009D243}.Release|Any CPU.ActiveCfg = Release|Any CPU
		{57A1D255-2972-4924-AFD4-8350B009D243}.Release|Any CPU.Build.0 = Release|Any CPU
	EndGlobalSection
	GlobalSection(SolutionProperties) = preSolution
		HideSolutionNode = FALSE
	EndGlobalSection
	GlobalSection(ExtensibilityGlobals) = postSolution
		SolutionGuid = {E2911302-73E8-4D47-97E9-43BE496FE32A}
	EndGlobalSection
EndGlobal
